
Microsoft Visual Studio Solution File, Format Version 12.00
# Visual Studio Version 16
VisualStudioVersion = 16.0.34601.136
MinimumVisualStudioVersion = 10.0.40219.1
Project("{FAE04EC0-301F-11D3-BF4B-00C04F79EFBC}") = "mvc_project", "mvc_project\mvc_project.csproj", "{9A15909D-BF89-4A31-8EDC-EB5253AB7DEC}"
EndProject
Global
	GlobalSection(SolutionConfigurationPlatforms) = preSolution
		Debug|Any CPU = Debug|Any CPU
		Release|Any CPU = Release|Any CPU
	EndGlobalSection
	GlobalSection(ProjectConfigurationPlatforms) = postSolution
		{9A15909D-BF89-4A31-8EDC-EB5253AB7DEC}.Debug|Any CPU.ActiveCfg = Debug|Any CPU
		{9A15909D-BF89-4A31-8EDC-EB5253AB7DEC}.Debug|Any CPU.Build.0 = Debug|Any CPU
		{9A15909D-BF89-4A31-8EDC-EB5253AB7DEC}.Release|Any CPU.ActiveCfg = Release|Any CPU
		{9A15909D-BF89-4A31-8EDC-EB5253AB7DEC}.Release|Any CPU.Build.0 = Release|Any CPU
	EndGlobalSection
	GlobalSection(SolutionProperties) = preSolution
		HideSolutionNode = FALSE
	EndGlobalSection
	GlobalSection(ExtensibilityGlobals) = postSolution
		SolutionGuid = {33AB533D-C291-41EE-830C-9A8DED2E4D1E}
	EndGlobalSection
EndGlobal
